
Microsoft Visual Studio Solution File, Format Version 12.00
# Visual Studio Version 16
VisualStudioVersion = 16.0.37327.17
MinimumVisualStudioVersion = 10.0.40219.1
Project("{FAE04EC0-301F-11D3-BF4B-00C04F79EFBC}") = "Continue", "Continue\Continue.csproj", "{84F24768-9E6B-433D-AA83-345D3CDA32EF}"
EndProject
Global
	GlobalSection(SolutionConfigurationPlatforms) = preSolution
		Debug|Any CPU = Debug|Any CPU
		Release|Any CPU = Release|Any CPU
	EndGlobalSection
	GlobalSection(ProjectConfigurationPlatforms) = postSolution
		{84F24768-9E6B-433D-AA83-345D3CDA32EF}.Debug|Any CPU.ActiveCfg = Debug|Any CPU
		{84F24768-9E6B-433D-AA83-345D3CDA32EF}.Debug|Any CPU.Build.0 = Debug|Any CPU
		{84F24768-9E6B-433D-AA83-345D3CDA32EF}.Release|Any CPU.ActiveCfg = Release|Any CPU
		{84F24768-9E6B-433D-AA83-345D3CDA32EF}.Release|Any CPU.Build.0 = Release|Any CPU
	EndGlobalSection
	GlobalSection(SolutionProperties) = preSolution
		HideSolutionNode = FALSE
	EndGlobalSection
	GlobalSection(ExtensibilityGlobals) = postSolution
		SolutionGuid = {C498167D-298F-4EFB-B4FF-4AD266A862C8}
	EndGlobalSection
EndGlobal
