
Microsoft Visual Studio Solution File, Format Version 12.00
# Visual Studio Version 16
VisualStudioVersion = 16.0.37327.17
MinimumVisualStudioVersion = 10.0.40219.1
Project("{FAE04EC0-301F-11D3-BF4B-00C04F79EFBC}") = "interface", "interface\interface.csproj", "{52909B7F-3CB1-4507-A1D1-029186DF0E49}"
EndProject
Global
	GlobalSection(SolutionConfigurationPlatforms) = preSolution
		Debug|Any CPU = Debug|Any CPU
		Release|Any CPU = Release|Any CPU
	EndGlobalSection
	GlobalSection(ProjectConfigurationPlatforms) = postSolution
		{52909B7F-3CB1-4507-A1D1-029186DF0E49}.Debug|Any CPU.ActiveCfg = Debug|Any CPU
		{52909B7F-3CB1-4507-A1D1-029186DF0E49}.Debug|Any CPU.Build.0 = Debug|Any CPU
		{52909B7F-3CB1-4507-A1D1-029186DF0E49}.Release|Any CPU.ActiveCfg = Release|Any CPU
		{52909B7F-3CB1-4507-A1D1-029186DF0E49}.Release|Any CPU.Build.0 = Release|Any CPU
	EndGlobalSection
	GlobalSection(SolutionProperties) = preSolution
		HideSolutionNode = FALSE
	EndGlobalSection
	GlobalSection(ExtensibilityGlobals) = postSolution
		SolutionGuid = {5EB6BDF3-8DCA-40D8-9818-FDD40D0137E6}
	EndGlobalSection
EndGlobal
