
Microsoft Visual Studio Solution File, Format Version 12.00
# Visual Studio Version 16
VisualStudioVersion = 16.0.37327.17
MinimumVisualStudioVersion = 10.0.40219.1
Project("{FAE04EC0-301F-11D3-BF4B-00C04F79EFBC}") = "Exceptions", "Exceptions\Exceptions.csproj", "{C78D3BC8-5BCD-4B4A-9041-DAC4BA04ECD6}"
EndProject
Global
	GlobalSection(SolutionConfigurationPlatforms) = preSolution
		Debug|Any CPU = Debug|Any CPU
		Release|Any CPU = Release|Any CPU
	EndGlobalSection
	GlobalSection(ProjectConfigurationPlatforms) = postSolution
		{C78D3BC8-5BCD-4B4A-9041-DAC4BA04ECD6}.Debug|Any CPU.ActiveCfg = Debug|Any CPU
		{C78D3BC8-5BCD-4B4A-9041-DAC4BA04ECD6}.Debug|Any CPU.Build.0 = Debug|Any CPU
		{C78D3BC8-5BCD-4B4A-9041-DAC4BA04ECD6}.Release|Any CPU.ActiveCfg = Release|Any CPU
		{C78D3BC8-5BCD-4B4A-9041-DAC4BA04ECD6}.Release|Any CPU.Build.0 = Release|Any CPU
	EndGlobalSection
	GlobalSection(SolutionProperties) = preSolution
		HideSolutionNode = FALSE
	EndGlobalSection
	GlobalSection(ExtensibilityGlobals) = postSolution
		SolutionGuid = {B42AA3E4-6FE6-4201-BE4A-35CB0F015B55}
	EndGlobalSection
EndGlobal
