
Microsoft Visual Studio Solution File, Format Version 12.00
# Visual Studio Version 16
VisualStudioVersion = 16.0.37327.17
MinimumVisualStudioVersion = 10.0.40219.1
Project("{FAE04EC0-301F-11D3-BF4B-00C04F79EFBC}") = "Pattern 6", "Pattern 6\Pattern 6.csproj", "{399975F3-8271-4A86-984B-7D7A847E516D}"
EndProject
Global
	GlobalSection(SolutionConfigurationPlatforms) = preSolution
		Debug|Any CPU = Debug|Any CPU
		Release|Any CPU = Release|Any CPU
	EndGlobalSection
	GlobalSection(ProjectConfigurationPlatforms) = postSolution
		{399975F3-8271-4A86-984B-7D7A847E516D}.Debug|Any CPU.ActiveCfg = Debug|Any CPU
		{399975F3-8271-4A86-984B-7D7A847E516D}.Debug|Any CPU.Build.0 = Debug|Any CPU
		{399975F3-8271-4A86-984B-7D7A847E516D}.Release|Any CPU.ActiveCfg = Release|Any CPU
		{399975F3-8271-4A86-984B-7D7A847E516D}.Release|Any CPU.Build.0 = Release|Any CPU
	EndGlobalSection
	GlobalSection(SolutionProperties) = preSolution
		HideSolutionNode = FALSE
	EndGlobalSection
	GlobalSection(ExtensibilityGlobals) = postSolution
		SolutionGuid = {F57998E7-F68A-4C23-AA8F-8254A5431235}
	EndGlobalSection
EndGlobal
