
Microsoft Visual Studio Solution File, Format Version 12.00
# Visual Studio Version 16
VisualStudioVersion = 16.0.37327.17
MinimumVisualStudioVersion = 10.0.40219.1
Project("{FAE04EC0-301F-11D3-BF4B-00C04F79EFBC}") = "reverse", "reverse\reverse.csproj", "{19E77F9C-A2C8-4E73-9859-456DAFACFA06}"
EndProject
Global
	GlobalSection(SolutionConfigurationPlatforms) = preSolution
		Debug|Any CPU = Debug|Any CPU
		Release|Any CPU = Release|Any CPU
	EndGlobalSection
	GlobalSection(ProjectConfigurationPlatforms) = postSolution
		{19E77F9C-A2C8-4E73-9859-456DAFACFA06}.Debug|Any CPU.ActiveCfg = Debug|Any CPU
		{19E77F9C-A2C8-4E73-9859-456DAFACFA06}.Debug|Any CPU.Build.0 = Debug|Any CPU
		{19E77F9C-A2C8-4E73-9859-456DAFACFA06}.Release|Any CPU.ActiveCfg = Release|Any CPU
		{19E77F9C-A2C8-4E73-9859-456DAFACFA06}.Release|Any CPU.Build.0 = Release|Any CPU
	EndGlobalSection
	GlobalSection(SolutionProperties) = preSolution
		HideSolutionNode = FALSE
	EndGlobalSection
	GlobalSection(ExtensibilityGlobals) = postSolution
		SolutionGuid = {F27C7E36-A814-441F-B46B-097710EA1103}
	EndGlobalSection
EndGlobal
