
Microsoft Visual Studio Solution File, Format Version 12.00
# Visual Studio Version 16
VisualStudioVersion = 16.0.37327.17
MinimumVisualStudioVersion = 10.0.40219.1
Project("{FAE04EC0-301F-11D3-BF4B-00C04F79EFBC}") = "Fibonocci", "Fibonocci\Fibonocci.csproj", "{C91B4654-09BF-432A-B5EB-A6F437D8C45A}"
EndProject
Global
	GlobalSection(SolutionConfigurationPlatforms) = preSolution
		Debug|Any CPU = Debug|Any CPU
		Release|Any CPU = Release|Any CPU
	EndGlobalSection
	GlobalSection(ProjectConfigurationPlatforms) = postSolution
		{C91B4654-09BF-432A-B5EB-A6F437D8C45A}.Debug|Any CPU.ActiveCfg = Debug|Any CPU
		{C91B4654-09BF-432A-B5EB-A6F437D8C45A}.Debug|Any CPU.Build.0 = Debug|Any CPU
		{C91B4654-09BF-432A-B5EB-A6F437D8C45A}.Release|Any CPU.ActiveCfg = Release|Any CPU
		{C91B4654-09BF-432A-B5EB-A6F437D8C45A}.Release|Any CPU.Build.0 = Release|Any CPU
	EndGlobalSection
	GlobalSection(SolutionProperties) = preSolution
		HideSolutionNode = FALSE
	EndGlobalSection
	GlobalSection(ExtensibilityGlobals) = postSolution
		SolutionGuid = {AF2EC792-A863-425E-BA4C-58171F84837D}
	EndGlobalSection
EndGlobal
