
Microsoft Visual Studio Solution File, Format Version 12.00
# Visual Studio Version 16
VisualStudioVersion = 16.0.37327.17
MinimumVisualStudioVersion = 10.0.40219.1
Project("{FAE04EC0-301F-11D3-BF4B-00C04F79EFBC}") = "Polymorphism", "Polymorphism\Polymorphism.csproj", "{DACF5EA4-F176-495D-86B3-7C7D0F3242F2}"
EndProject
Global
	GlobalSection(SolutionConfigurationPlatforms) = preSolution
		Debug|Any CPU = Debug|Any CPU
		Release|Any CPU = Release|Any CPU
	EndGlobalSection
	GlobalSection(ProjectConfigurationPlatforms) = postSolution
		{DACF5EA4-F176-495D-86B3-7C7D0F3242F2}.Debug|Any CPU.ActiveCfg = Debug|Any CPU
		{DACF5EA4-F176-495D-86B3-7C7D0F3242F2}.Debug|Any CPU.Build.0 = Debug|Any CPU
		{DACF5EA4-F176-495D-86B3-7C7D0F3242F2}.Release|Any CPU.ActiveCfg = Release|Any CPU
		{DACF5EA4-F176-495D-86B3-7C7D0F3242F2}.Release|Any CPU.Build.0 = Release|Any CPU
	EndGlobalSection
	GlobalSection(SolutionProperties) = preSolution
		HideSolutionNode = FALSE
	EndGlobalSection
	GlobalSection(ExtensibilityGlobals) = postSolution
		SolutionGuid = {0714534C-0CFF-4EC8-9B04-1D94028E399A}
	EndGlobalSection
EndGlobal
