
Microsoft Visual Studio Solution File, Format Version 12.00
# Visual Studio Version 16
VisualStudioVersion = 16.0.37327.17
MinimumVisualStudioVersion = 10.0.40219.1
Project("{FAE04EC0-301F-11D3-BF4B-00C04F79EFBC}") = "Aug_06", "Aug_06\Aug_06.csproj", "{960AB123-FADF-4F70-885A-B8062A41230E}"
EndProject
Global
	GlobalSection(SolutionConfigurationPlatforms) = preSolution
		Debug|Any CPU = Debug|Any CPU
		Release|Any CPU = Release|Any CPU
	EndGlobalSection
	GlobalSection(ProjectConfigurationPlatforms) = postSolution
		{960AB123-FADF-4F70-885A-B8062A41230E}.Debug|Any CPU.ActiveCfg = Debug|Any CPU
		{960AB123-FADF-4F70-885A-B8062A41230E}.Debug|Any CPU.Build.0 = Debug|Any CPU
		{960AB123-FADF-4F70-885A-B8062A41230E}.Release|Any CPU.ActiveCfg = Release|Any CPU
		{960AB123-FADF-4F70-885A-B8062A41230E}.Release|Any CPU.Build.0 = Release|Any CPU
	EndGlobalSection
	GlobalSection(SolutionProperties) = preSolution
		HideSolutionNode = FALSE
	EndGlobalSection
	GlobalSection(ExtensibilityGlobals) = postSolution
		SolutionGuid = {CD216141-C086-408B-827F-1003ECA45CC4}
	EndGlobalSection
EndGlobal
