
Microsoft Visual Studio Solution File, Format Version 12.00
# Visual Studio Version 16
VisualStudioVersion = 16.0.37327.17
MinimumVisualStudioVersion = 10.0.40219.1
Project("{FAE04EC0-301F-11D3-BF4B-00C04F79EFBC}") = "swapwithno3rdvar", "swapwithno3rdvar\swapwithno3rdvar.csproj", "{B491A2A1-2D7C-4439-9BF3-3D23F2685920}"
EndProject
Global
	GlobalSection(SolutionConfigurationPlatforms) = preSolution
		Debug|Any CPU = Debug|Any CPU
		Release|Any CPU = Release|Any CPU
	EndGlobalSection
	GlobalSection(ProjectConfigurationPlatforms) = postSolution
		{B491A2A1-2D7C-4439-9BF3-3D23F2685920}.Debug|Any CPU.ActiveCfg = Debug|Any CPU
		{B491A2A1-2D7C-4439-9BF3-3D23F2685920}.Debug|Any CPU.Build.0 = Debug|Any CPU
		{B491A2A1-2D7C-4439-9BF3-3D23F2685920}.Release|Any CPU.ActiveCfg = Release|Any CPU
		{B491A2A1-2D7C-4439-9BF3-3D23F2685920}.Release|Any CPU.Build.0 = Release|Any CPU
	EndGlobalSection
	GlobalSection(SolutionProperties) = preSolution
		HideSolutionNode = FALSE
	EndGlobalSection
	GlobalSection(ExtensibilityGlobals) = postSolution
		SolutionGuid = {B1D1AC3D-C379-490E-8701-5FE2D4E01219}
	EndGlobalSection
EndGlobal
