
Microsoft Visual Studio Solution File, Format Version 12.00
# Visual Studio Version 16
VisualStudioVersion = 16.0.37327.17
MinimumVisualStudioVersion = 10.0.40219.1
Project("{FAE04EC0-301F-11D3-BF4B-00C04F79EFBC}") = "function reference", "function reference\function reference.csproj", "{993CAEA6-AE54-4E98-A8E2-5E511A23BED0}"
EndProject
Global
	GlobalSection(SolutionConfigurationPlatforms) = preSolution
		Debug|Any CPU = Debug|Any CPU
		Release|Any CPU = Release|Any CPU
	EndGlobalSection
	GlobalSection(ProjectConfigurationPlatforms) = postSolution
		{993CAEA6-AE54-4E98-A8E2-5E511A23BED0}.Debug|Any CPU.ActiveCfg = Debug|Any CPU
		{993CAEA6-AE54-4E98-A8E2-5E511A23BED0}.Debug|Any CPU.Build.0 = Debug|Any CPU
		{993CAEA6-AE54-4E98-A8E2-5E511A23BED0}.Release|Any CPU.ActiveCfg = Release|Any CPU
		{993CAEA6-AE54-4E98-A8E2-5E511A23BED0}.Release|Any CPU.Build.0 = Release|Any CPU
	EndGlobalSection
	GlobalSection(SolutionProperties) = preSolution
		HideSolutionNode = FALSE
	EndGlobalSection
	GlobalSection(ExtensibilityGlobals) = postSolution
		SolutionGuid = {CCE23F14-BEBC-43C0-9942-FCCEB80BAFDA}
	EndGlobalSection
EndGlobal
