
Microsoft Visual Studio Solution File, Format Version 12.00
# Visual Studio Version 16
VisualStudioVersion = 16.0.37327.17
MinimumVisualStudioVersion = 10.0.40219.1
Project("{FAE04EC0-301F-11D3-BF4B-00C04F79EFBC}") = "automatic", "automatic\automatic.csproj", "{3E808A78-5A37-46A9-844D-6A643008B4E3}"
EndProject
Global
	GlobalSection(SolutionConfigurationPlatforms) = preSolution
		Debug|Any CPU = Debug|Any CPU
		Release|Any CPU = Release|Any CPU
	EndGlobalSection
	GlobalSection(ProjectConfigurationPlatforms) = postSolution
		{3E808A78-5A37-46A9-844D-6A643008B4E3}.Debug|Any CPU.ActiveCfg = Debug|Any CPU
		{3E808A78-5A37-46A9-844D-6A643008B4E3}.Debug|Any CPU.Build.0 = Debug|Any CPU
		{3E808A78-5A37-46A9-844D-6A643008B4E3}.Release|Any CPU.ActiveCfg = Release|Any CPU
		{3E808A78-5A37-46A9-844D-6A643008B4E3}.Release|Any CPU.Build.0 = Release|Any CPU
	EndGlobalSection
	GlobalSection(SolutionProperties) = preSolution
		HideSolutionNode = FALSE
	EndGlobalSection
	GlobalSection(ExtensibilityGlobals) = postSolution
		SolutionGuid = {73E772FE-9754-41C6-AFCE-09E727668DFB}
	EndGlobalSection
EndGlobal
