
Microsoft Visual Studio Solution File, Format Version 12.00
# Visual Studio Version 16
VisualStudioVersion = 16.0.37327.17
MinimumVisualStudioVersion = 10.0.40219.1
Project("{FAE04EC0-301F-11D3-BF4B-00C04F79EFBC}") = "String and string builder", "String and string builder\String and string builder.csproj", "{5836B90A-39B8-4CA6-8D2B-796B9F2DD382}"
EndProject
Global
	GlobalSection(SolutionConfigurationPlatforms) = preSolution
		Debug|Any CPU = Debug|Any CPU
		Release|Any CPU = Release|Any CPU
	EndGlobalSection
	GlobalSection(ProjectConfigurationPlatforms) = postSolution
		{5836B90A-39B8-4CA6-8D2B-796B9F2DD382}.Debug|Any CPU.ActiveCfg = Debug|Any CPU
		{5836B90A-39B8-4CA6-8D2B-796B9F2DD382}.Debug|Any CPU.Build.0 = Debug|Any CPU
		{5836B90A-39B8-4CA6-8D2B-796B9F2DD382}.Release|Any CPU.ActiveCfg = Release|Any CPU
		{5836B90A-39B8-4CA6-8D2B-796B9F2DD382}.Release|Any CPU.Build.0 = Release|Any CPU
	EndGlobalSection
	GlobalSection(SolutionProperties) = preSolution
		HideSolutionNode = FALSE
	EndGlobalSection
	GlobalSection(ExtensibilityGlobals) = postSolution
		SolutionGuid = {DF70C87A-1BBF-4DF2-BFA1-747C0F32EFAB}
	EndGlobalSection
EndGlobal
