
Microsoft Visual Studio Solution File, Format Version 12.00
# Visual Studio Version 16
VisualStudioVersion = 16.0.37327.17
MinimumVisualStudioVersion = 10.0.40219.1
Project("{FAE04EC0-301F-11D3-BF4B-00C04F79EFBC}") = "Sealed class", "Sealed class\Sealed class.csproj", "{AAC5F623-0ACD-4A76-ACCC-1CC1EBC01471}"
EndProject
Global
	GlobalSection(SolutionConfigurationPlatforms) = preSolution
		Debug|Any CPU = Debug|Any CPU
		Release|Any CPU = Release|Any CPU
	EndGlobalSection
	GlobalSection(ProjectConfigurationPlatforms) = postSolution
		{AAC5F623-0ACD-4A76-ACCC-1CC1EBC01471}.Debug|Any CPU.ActiveCfg = Debug|Any CPU
		{AAC5F623-0ACD-4A76-ACCC-1CC1EBC01471}.Debug|Any CPU.Build.0 = Debug|Any CPU
		{AAC5F623-0ACD-4A76-ACCC-1CC1EBC01471}.Release|Any CPU.ActiveCfg = Release|Any CPU
		{AAC5F623-0ACD-4A76-ACCC-1CC1EBC01471}.Release|Any CPU.Build.0 = Release|Any CPU
	EndGlobalSection
	GlobalSection(SolutionProperties) = preSolution
		HideSolutionNode = FALSE
	EndGlobalSection
	GlobalSection(ExtensibilityGlobals) = postSolution
		SolutionGuid = {1A5BC1B9-27CD-4290-A1DF-970ED9FDAF91}
	EndGlobalSection
EndGlobal
